// !$*UTF8*$!
{
	archiveVersion = 1;
	classes = {
	};
	objectVersion = 50;
	objects = {

/* Begin PBXBuildFile section */
		38891EA621232A510041168E /* AppDelegate.swift in Sources */ = {isa = PBXBuildFile; fileRef = 38891EA521232A510041168E /* AppDelegate.swift */; };
		38891EA821232A510041168E /* ViewController.swift in Sources */ = {isa = PBXBuildFile; fileRef = 38891EA721232A510041168E /* ViewController.swift */; };
		38891EAB21232A510041168E /* Main.storyboard in Resources */ = {isa = PBXBuildFile; fileRef = 38891EA921232A510041168E /* Main.storyboard */; };
		38891EB021232A540041168E /* Assets.xcassets in Resources */ = {isa = PBXBuildFile; fileRef = 38891EAF21232A540041168E /* Assets.xcassets */; };
		38891EB321232A540041168E /* LaunchScreen.storyboard in Resources */ = {isa = PBXBuildFile; fileRef = 38891EB121232A540041168E /* LaunchScreen.storyboard */; };
		38891EBE21232A540041168E /* TestTests.swift in Sources */ = {isa = PBXBuildFile; fileRef = 38891EBD21232A540041168E /* TestTests.swift */; };
		38891ECA21232A660041168E /* Model.xcdatamodeld in Sources */ = {isa = PBXBuildFile; fileRef = 38891EC821232A660041168E /* Model.xcdatamodeld */; };
		38891ECC21232B070041168E /* UserSession.swift in Sources */ = {isa = PBXBuildFile; fileRef = 38891ECB21232B070041168E /* UserSession.swift */; };
		38891ECE21232FDE0041168E /* Role.swift in Sources */ = {isa = PBXBuildFile; fileRef = 38891ECD21232FDE0041168E /* Role.swift */; };
/* End PBXBuildFile section */

/* Begin PBXContainerItemProxy section */
		38891EBA21232A540041168E /* PBXContainerItemProxy */ = {
			isa = PBXContainerItemProxy;
			containerPortal = 38891E9A21232A510041168E /* Project object */;
			proxyType = 1;
			remoteGlobalIDString = 38891EA121232A510041168E;
			remoteInfo = Test;
		};
/* End PBXContainerItemProxy section */

/* Begin PBXFileReference section */
		38891EA221232A510041168E /* Test.app */ = {isa = PBXFileReference; explicitFileType = wrapper.application; includeInIndex = 0; path = Test.app; sourceTree = BUILT_PRODUCTS_DIR; };
		38891EA521232A510041168E /* AppDelegate.swift */ = {isa = PBXFileReference; lastKnownFileType = sourcecode.swift; path = AppDelegate.swift; sourceTree = "<group>"; };
		38891EA721232A510041168E /* ViewController.swift */ = {isa = PBXFileReference; lastKnownFileType = sourcecode.swift; path = ViewController.swift; sourceTree = "<group>"; };
		38891EAA21232A510041168E /* Base */ = {isa = PBXFileReference; lastKnownFileType = file.storyboard; name = Base; path = Base.lproj/Main.storyboard; sourceTree = "<group>"; };
		38891EAF21232A540041168E /* Assets.xcassets */ = {isa = PBXFileReference; lastKnownFileType = folder.assetcatalog; path = Assets.xcassets; sourceTree = "<group>"; };
		38891EB221232A540041168E /* Base */ = {isa = PBXFileReference; lastKnownFileType = file.storyboard; name = Base; path = Base.lproj/LaunchScreen.storyboard; sourceTree = "<group>"; };
		38891EB421232A540041168E /* Info.plist */ = {isa = PBXFileReference; lastKnownFileType = text.plist.xml; path = Info.plist; sourceTree = "<group>"; };
		38891EB921232A540041168E /* TestTests.xctest */ = {isa = PBXFileReference; explicitFileType = wrapper.cfbundle; includeInIndex = 0; path = TestTests.xctest; sourceTree = BUILT_PRODUCTS_DIR; };
		38891EBD21232A540041168E /* TestTests.swift */ = {isa = PBXFileReference; lastKnownFileType = sourcecode.swift; path = TestTests.swift; sourceTree = "<group>"; };
		38891EBF21232A540041168E /* Info.plist */ = {isa = PBXFileReference; lastKnownFileType = text.plist.xml; path = Info.plist; sourceTree = "<group>"; };
		38891EC921232A660041168E /* Model.xcdatamodel */ = {isa = PBXFileReference; lastKnownFileType = wrapper.xcdatamodel; path = Model.xcdatamodel; sourceTree = "<group>"; };
		38891ECB21232B070041168E /* UserSession.swift */ = {isa = PBXFileReference; lastKnownFileType = sourcecode.swift; path = UserSession.swift; sourceTree = "<group>"; };
		38891ECD21232FDE0041168E /* Role.swift */ = {isa = PBXFileReference; lastKnownFileType = sourcecode.swift; path = Role.swift; sourceTree = "<group>"; };
/* End PBXFileReference section */

/* Begin PBXFrameworksBuildPhase section */
		38891E9F21232A510041168E /* Frameworks */ = {
			isa = PBXFrameworksBuildPhase;
			buildActionMask = 2147483647;
			files = (
			);
			runOnlyForDeploymentPostprocessing = 0;
		};
		38891EB621232A540041168E /* Frameworks */ = {
			isa = PBXFrameworksBuildPhase;
			buildActionMask = 2147483647;
			files = (
			);
			runOnlyForDeploymentPostprocessing = 0;
		};
/* End PBXFrameworksBuildPhase section */

/* Begin PBXGroup section */
		38891E9921232A510041168E = {
			isa = PBXGroup;
			children = (
				38891EA421232A510041168E /* Test */,
				38891EBC21232A540041168E /* TestTests */,
				38891EA321232A510041168E /* Products */,
			);
			sourceTree = "<group>";
		};
		38891EA321232A510041168E /* Products */ = {
			isa = PBXGroup;
			children = (
				38891EA221232A510041168E /* Test.app */,
				38891EB921232A540041168E /* TestTests.xctest */,
			);
			name = Products;
			sourceTree = "<group>";
		};
		38891EA421232A510041168E /* Test */ = {
			isa = PBXGroup;
			children = (
				38891EA521232A510041168E /* AppDelegate.swift */,
				38891EA721232A510041168E /* ViewController.swift */,
				38891EA921232A510041168E /* Main.storyboard */,
				38891EAF21232A540041168E /* Assets.xcassets */,
				38891EB121232A540041168E /* LaunchScreen.storyboard */,
				38891EB421232A540041168E /* Info.plist */,
				38891EC821232A660041168E /* Model.xcdatamodeld */,
				38891ECD21232FDE0041168E /* Role.swift */,
				38891ECB21232B070041168E /* UserSession.swift */,
			);
			path = Test;
			sourceTree = "<group>";
		};
		38891EBC21232A540041168E /* TestTests */ = {
			isa = PBXGroup;
			children = (
				38891EBD21232A540041168E /* TestTests.swift */,
				38891EBF21232A540041168E /* Info.plist */,
			);
			path = TestTests;
			sourceTree = "<group>";
		};
/* End PBXGroup section */

/* Begin PBXNativeTarget section */
		38891EA121232A510041168E /* Test */ = {
			isa = PBXNativeTarget;
			buildConfigurationList = 38891EC221232A540041168E /* Build configuration list for PBXNativeTarget "Test" */;
			buildPhases = (
				38891E9E21232A510041168E /* Sources */,
				38891E9F21232A510041168E /* Frameworks */,
				38891EA021232A510041168E /* Resources */,
			);
			buildRules = (
			);
			dependencies = (
			);
			name = Test;
			productName = Test;
			productReference = 38891EA221232A510041168E /* Test.app */;
			productType = "com.apple.product-type.application";
		};
		38891EB821232A540041168E /* TestTests */ = {
			isa = PBXNativeTarget;
			buildConfigurationList = 38891EC521232A540041168E /* Build configuration list for PBXNativeTarget "TestTests" */;
			buildPhases = (
				38891EB521232A540041168E /* Sources */,
				38891EB621232A540041168E /* Frameworks */,
				38891EB721232A540041168E /* Resources */,
			);
			buildRules = (
			);
			dependencies = (
				38891EBB21232A540041168E /* PBXTargetDependency */,
			);
			name = TestTests;
			productName = TestTests;
			productReference = 38891EB921232A540041168E /* TestTests.xctest */;
			productType = "com.apple.product-type.bundle.unit-test";
		};
/* End PBXNativeTarget section */

/* Begin PBXProject section */
		38891E9A21232A510041168E /* Project object */ = {
			isa = PBXProject;
			attributes = {
				LastSwiftUpdateCheck = 0940;
				LastUpgradeCheck = 0940;
				ORGANIZATIONNAME = "Countermind, LLC";
				TargetAttributes = {
					38891EA121232A510041168E = {
						CreatedOnToolsVersion = 9.4.1;
					};
					38891EB821232A540041168E = {
						CreatedOnToolsVersion = 9.4.1;
						TestTargetID = 38891EA121232A510041168E;
					};
				};
			};
			buildConfigurationList = 38891E9D21232A510041168E /* Build configuration list for PBXProject "Test" */;
			compatibilityVersion = "Xcode 9.3";
			developmentRegion = en;
			hasScannedForEncodings = 0;
			knownRegions = (
				en,
				Base,
			);
			mainGroup = 38891E9921232A510041168E;
			productRefGroup = 38891EA321232A510041168E /* Products */;
			projectDirPath = "";
			projectRoot = "";
			targets = (
				38891EA121232A510041168E /* Test */,
				38891EB821232A540041168E /* TestTests */,
			);
		};
/* End PBXProject section */

/* Begin PBXResourcesBuildPhase section */
		38891EA021232A510041168E /* Resources */ = {
			isa = PBXResourcesBuildPhase;
			buildActionMask = 2147483647;
			files = (
				38891EB321232A540041168E /* LaunchScreen.storyboard in Resources */,
				38891EB021232A540041168E /* Assets.xcassets in Resources */,
				38891EAB21232A510041168E /* Main.storyboard in Resources */,
			);
			runOnlyForDeploymentPostprocessing = 0;
		};
		38891EB721232A540041168E /* Resources */ = {
			isa = PBXResourcesBuildPhase;
			buildActionMask = 2147483647;
			files = (
			);
			runOnlyForDeploymentPostprocessing = 0;
		};
/* End PBXResourcesBuildPhase section */

/* Begin PBXSourcesBuildPhase section */
		38891E9E21232A510041168E /* Sources */ = {
			isa = PBXSourcesBuildPhase;
			buildActionMask = 2147483647;
			files = (
				38891ECC21232B070041168E /* UserSession.swift in Sources */,
				38891EA821232A510041168E /* ViewController.swift in Sources */,
				38891EA621232A510041168E /* AppDelegate.swift in Sources */,
				38891ECA21232A660041168E /* Model.xcdatamodeld in Sources */,
				38891ECE21232FDE0041168E /* Role.swift in Sources */,
			);
			runOnlyForDeploymentPostprocessing = 0;
		};
		38891EB521232A540041168E /* Sources */ = {
			isa = PBXSourcesBuildPhase;
			buildActionMask = 2147483647;
			files = (
				38891EBE21232A540041168E /* TestTests.swift in Sources */,
			);
			runOnlyForDeploymentPostprocessing = 0;
		};
/* End PBXSourcesBuildPhase section */

/* Begin PBXTargetDependency section */
		38891EBB21232A540041168E /* PBXTargetDependency */ = {
			isa = PBXTargetDependency;
			target = 38891EA121232A510041168E /* Test */;
			targetProxy = 38891EBA21232A540041168E /* PBXContainerItemProxy */;
		};
/* End PBXTargetDependency section */

/* Begin PBXVariantGroup section */
		38891EA921232A510041168E /* Main.storyboard */ = {
			isa = PBXVariantGroup;
			children = (
				38891EAA21232A510041168E /* Base */,
			);
			name = Main.storyboard;
			sourceTree = "<group>";
		};
		38891EB121232A540041168E /* LaunchScreen.storyboard */ = {
			isa = PBXVariantGroup;
			children = (
				38891EB221232A540041168E /* Base */,
			);
			name = LaunchScreen.storyboard;
			sourceTree = "<group>";
		};
/* End PBXVariantGroup section */

/* Begin XCBuildConfiguration section */
		38891EC021232A540041168E /* Debug */ = {
			isa = XCBuildConfiguration;
			buildSettings = {
				ALWAYS_SEARCH_USER_PATHS = NO;
				CLANG_ANALYZER_NONNULL = YES;
				CLANG_ANALYZER_NUMBER_OBJECT_CONVERSION = YES_AGGRESSIVE;
				CLANG_CXX_LANGUAGE_STANDARD = "gnu++14";
				CLANG_CXX_LIBRARY = "libc++";
				CLANG_ENABLE_MODULES = YES;
				CLANG_ENABLE_OBJC_ARC = YES;
				CLANG_ENABLE_OBJC_WEAK = YES;
				CLANG_WARN_BLOCK_CAPTURE_AUTORELEASING = YES;
				CLANG_WARN_BOOL_CONVERSION = YES;
				CLANG_WARN_COMMA = YES;
				CLANG_WARN_CONSTANT_CONVERSION = YES;
				CLANG_WARN_DEPRECATED_OBJC_IMPLEMENTATIONS = YES;
				CLANG_WARN_DIRECT_OBJC_ISA_USAGE = YES_ERROR;
				CLANG_WARN_DOCUMENTATION_COMMENTS = YES;
				CLANG_WARN_EMPTY_BODY = YES;
				CLANG_WARN_ENUM_CONVERSION = YES;
				CLANG_WARN_INFINITE_RECURSION = YES;
				CLANG_WARN_INT_CONVERSION = YES;
				CLANG_WARN_NON_LITERAL_NULL_CONVERSION = YES;
				CLANG_WARN_OBJC_IMPLICIT_RETAIN_SELF = YES;
				CLANG_WARN_OBJC_LITERAL_CONVERSION = YES;
				CLANG_WARN_OBJC_ROOT_CLASS = YES_ERROR;
				CLANG_WARN_RANGE_LOOP_ANALYSIS = YES;
				CLANG_WARN_STRICT_PROTOTYPES = YES;
				CLANG_WARN_SUSPICIOUS_MOVE = YES;
				CLANG_WARN_UNGUARDED_AVAILABILITY = YES_AGGRESSIVE;
				CLANG_WARN_UNREACHABLE_CODE = YES;
				CLANG_WARN__DUPLICATE_METHOD_MATCH = YES;
				CODE_SIGN_IDENTITY = "iPhone Developer";
				COPY_PHASE_STRIP = NO;
				DEBUG_INFORMATION_FORMAT = dwarf;
				ENABLE_STRICT_OBJC_MSGSEND = YES;
				ENABLE_TESTABILITY = YES;
				GCC_C_LANGUAGE_STANDARD = gnu11;
				GCC_DYNAMIC_NO_PIC = NO;
				GCC_NO_COMMON_BLOCKS = YES;
				GCC_OPTIMIZATION_LEVEL = 0;
				GCC_PREPROCESSOR_DEFINITIONS = (
					"DEBUG=1",
					"$(inherited)",
				);
				GCC_WARN_64_TO_32_BIT_CONVERSION = YES;
				GCC_WARN_ABOUT_RETURN_TYPE = YES_ERROR;
				GCC_WARN_UNDECLARED_SELECTOR = YES;
				GCC_WARN_UNINITIALIZED_AUTOS = YES_AGGRESSIVE;
				GCC_WARN_UNUSED_FUNCTION = YES;
				GCC_WARN_UNUSED_VARIABLE = YES;
				IPHONEOS_DEPLOYMENT_TARGET = 11.4;
				MTL_ENABLE_DEBUG_INFO = YES;
				ONLY_ACTIVE_ARCH = YES;
				SDKROOT = iphoneos;
				SWIFT_ACTIVE_COMPILATION_CONDITIONS = DEBUG;
				SWIFT_OPTIMIZATION_LEVEL = "-Onone";
			};
			name = Debug;
		};
		38891EC121232A540041168E /* Release */ = {
			isa = XCBuildConfiguration;
			buildSettings = {
				ALWAYS_SEARCH_USER_PATHS = NO;
				CLANG_ANALYZER_NONNULL = YES;
				CLANG_ANALYZER_NUMBER_OBJECT_CONVERSION = YES_AGGRESSIVE;
				CLANG_CXX_LANGUAGE_STANDARD = "gnu++14";
				CLANG_CXX_LIBRARY = "libc++";
				CLANG_ENABLE_MODULES = YES;
				CLANG_ENABLE_OBJC_ARC = YES;
				CLANG_ENABLE_OBJC_WEAK = YES;
				CLANG_WARN_BLOCK_CAPTURE_AUTORELEASING = YES;
				CLANG_WARN_BOOL_CONVERSION = YES;
				CLANG_WARN_COMMA = YES;
				CLANG_WARN_CONSTANT_CONVERSION = YES;
				CLANG_WARN_DEPRECATED_OBJC_IMPLEMENTATIONS = YES;
				CLANG_WARN_DIRECT_OBJC_ISA_USAGE = YES_ERROR;
				CLANG_WARN_DOCUMENTATION_COMMENTS = YES;
				CLANG_WARN_EMPTY_BODY = YES;
				CLANG_WARN_ENUM_CONVERSION = YES;
				CLANG_WARN_INFINITE_RECURSION = YES;
				CLANG_WARN_INT_CONVERSION = YES;
				CLANG_WARN_NON_LITERAL_NULL_CONVERSION = YES;
				CLANG_WARN_OBJC_IMPLICIT_RETAIN_SELF = YES;
				CLANG_WARN_OBJC_LITERAL_CONVERSION = YES;
				CLANG_WARN_OBJC_ROOT_CLASS = YES_ERROR;
				CLANG_WARN_RANGE_LOOP_ANALYSIS = YES;
				CLANG_WARN_STRICT_PROTOTYPES = YES;
				CLANG_WARN_SUSPICIOUS_MOVE = YES;
				CLANG_WARN_UNGUARDED_AVAILABILITY = YES_AGGRESSIVE;
				CLANG_WARN_UNREACHABLE_CODE = YES;
				CLANG_WARN__DUPLICATE_METHOD_MATCH = YES;
				CODE_SIGN_IDENTITY = "iPhone Developer";
				COPY_PHASE_STRIP = NO;
				DEBUG_INFORMATION_FORMAT = "dwarf-with-dsym";
				ENABLE_NS_ASSERTIONS = NO;
				ENABLE_STRICT_OBJC_MSGSEND = YES;
				GCC_C_LANGUAGE_STANDARD = gnu11;
				GCC_NO_COMMON_BLOCKS = YES;
				GCC_WARN_64_TO_32_BIT_CONVERSION = YES;
				GCC_WARN_ABOUT_RETURN_TYPE = YES_ERROR;
				GCC_WARN_UNDECLARED_SELECTOR = YES;
				GCC_WARN_UNINITIALIZED_AUTOS = YES_AGGRESSIVE;
				GCC_WARN_UNUSED_FUNCTION = YES;
				GCC_WARN_UNUSED_VARIABLE = YES;
				IPHONEOS_DEPLOYMENT_TARGET = 11.4;
				MTL_ENABLE_DEBUG_INFO = NO;
				SDKROOT = iphoneos;
				SWIFT_COMPILATION_MODE = wholemodule;
				SWIFT_OPTIMIZATION_LEVEL = "-O";
				VALIDATE_PRODUCT = YES;
			};
			name = Release;
		};
		38891EC321232A540041168E /* Debug */ = {
			isa = XCBuildConfiguration;
			buildSettings = {
				ASSETCATALOG_COMPILER_APPICON_NAME = AppIcon;
				CODE_SIGN_STYLE = Automatic;
				DEVELOPMENT_TEAM = 9YGD2MC2Z6;
				INFOPLIST_FILE = Test/Info.plist;
				LD_RUNPATH_SEARCH_PATHS = (
					"$(inherited)",
					"@executable_path/Frameworks",
				);
				PRODUCT_BUNDLE_IDENTIFIER = com.countermind.Test;
				PRODUCT_NAME = "$(TARGET_NAME)";
				SWIFT_VERSION = 4.0;
				TARGETED_DEVICE_FAMILY = "1,2";
			};
			name = Debug;
		};
		38891EC421232A540041168E /* Release */ = {
			isa = XCBuildConfiguration;
			buildSettings = {
				ASSETCATALOG_COMPILER_APPICON_NAME = AppIcon;
				CODE_SIGN_STYLE = Automatic;
				DEVELOPMENT_TEAM = 9YGD2MC2Z6;
				INFOPLIST_FILE = Test/Info.plist;
				LD_RUNPATH_SEARCH_PATHS = (
					"$(inherited)",
					"@executable_path/Frameworks",
				);
				PRODUCT_BUNDLE_IDENTIFIER = com.countermind.Test;
				PRODUCT_NAME = "$(TARGET_NAME)";
				SWIFT_VERSION = 4.0;
				TARGETED_DEVICE_FAMILY = "1,2";
			};
			name = Release;
		};
		38891EC621232A540041168E /* Debug */ = {
			isa = XCBuildConfiguration;
			buildSettings = {
				ALWAYS_EMBED_SWIFT_STANDARD_LIBRARIES = YES;
				BUNDLE_LOADER = "$(TEST_HOST)";
				CODE_SIGN_STYLE = Automatic;
				DEVELOPMENT_TEAM = 9YGD2MC2Z6;
				INFOPLIST_FILE = TestTests/Info.plist;
				LD_RUNPATH_SEARCH_PATHS = (
					"$(inherited)",
					"@executable_path/Frameworks",
					"@loader_path/Frameworks",
				);
				PRODUCT_BUNDLE_IDENTIFIER = com.countermind.TestTests;
				PRODUCT_NAME = "$(TARGET_NAME)";
				SWIFT_VERSION = 4.0;
				TARGETED_DEVICE_FAMILY = "1,2";
				TEST_HOST = "$(BUILT_PRODUCTS_DIR)/Test.app/Test";
			};
			name = Debug;
		};
		38891EC721232A540041168E /* Release */ = {
			isa = XCBuildConfiguration;
			buildSettings = {
				ALWAYS_EMBED_SWIFT_STANDARD_LIBRARIES = YES;
				BUNDLE_LOADER = "$(TEST_HOST)";
				CODE_SIGN_STYLE = Automatic;
				DEVELOPMENT_TEAM = 9YGD2MC2Z6;
				INFOPLIST_FILE = TestTests/Info.plist;
				LD_RUNPATH_SEARCH_PATHS = (
					"$(inherited)",
					"@executable_path/Frameworks",
					"@loader_path/Frameworks",
				);
				PRODUCT_BUNDLE_IDENTIFIER = com.countermind.TestTests;
				PRODUCT_NAME = "$(TARGET_NAME)";
				SWIFT_VERSION = 4.0;
				TARGETED_DEVICE_FAMILY = "1,2";
				TEST_HOST = "$(BUILT_PRODUCTS_DIR)/Test.app/Test";
			};
			name = Release;
		};
/* End XCBuildConfiguration section */

/* Begin XCConfigurationList section */
		38891E9D21232A510041168E /* Build configuration list for PBXProject "Test" */ = {
			isa = XCConfigurationList;
			buildConfigurations = (
				38891EC021232A540041168E /* Debug */,
				38891EC121232A540041168E /* Release */,
			);
			defaultConfigurationIsVisible = 0;
			defaultConfigurationName = Release;
		};
		38891EC221232A540041168E /* Build configuration list for PBXNativeTarget "Test" */ = {
			isa = XCConfigurationList;
			buildConfigurations = (
				38891EC321232A540041168E /* Debug */,
				38891EC421232A540041168E /* Release */,
			);
			defaultConfigurationIsVisible = 0;
			defaultConfigurationName = Release;
		};
		38891EC521232A540041168E /* Build configuration list for PBXNativeTarget "TestTests" */ = {
			isa = XCConfigurationList;
			buildConfigurations = (
				38891EC621232A540041168E /* Debug */,
				38891EC721232A540041168E /* Release */,
			);
			defaultConfigurationIsVisible = 0;
			defaultConfigurationName = Release;
		};
/* End XCConfigurationList section */

/* Begin XCVersionGroup section */
		38891EC821232A660041168E /* Model.xcdatamodeld */ = {
			isa = XCVersionGroup;
			children = (
				38891EC921232A660041168E /* Model.xcdatamodel */,
			);
			currentVersion = 38891EC921232A660041168E /* Model.xcdatamodel */;
			path = Model.xcdatamodeld;
			sourceTree = "<group>";
			versionGroupType = wrapper.xcdatamodel;
		};
/* End XCVersionGroup section */
	};
	rootObject = 38891E9A21232A510041168E /* Project object */;
}
